Microsoft Visual Studio Solution File, Format Version 12.00
# Visual Studio Version 17
VisualStudioVersion = 17.5.2.0
MinimumVisualStudioVersion = 10.0.40219.1
Project("{FAE04EC0-301F-11D3-BF4B-00C04F79EFBC}") = "BehaviorHub", "BehaviorHub.csproj", "{9BCAE88F-1D4C-7A95-A9FA-338AAA6D8745}"
EndProject
Global
	GlobalSection(SolutionConfigurationPlatforms) = preSolution
		Debug|Any CPU = Debug|Any CPU
		Release|Any CPU = Release|Any CPU
	EndGlobalSection
	GlobalSection(ProjectConfigurationPlatforms) = postSolution
		{9BCAE88F-1D4C-7A95-A9FA-338AAA6D8745}.Debug|Any CPU.ActiveCfg = Debug|Any CPU
		{9BCAE88F-1D4C-7A95-A9FA-338AAA6D8745}.Debug|Any CPU.Build.0 = Debug|Any CPU
		{9BCAE88F-1D4C-7A95-A9FA-338AAA6D8745}.Release|Any CPU.ActiveCfg = Release|Any CPU
		{9BCAE88F-1D4C-7A95-A9FA-338AAA6D8745}.Release|Any CPU.Build.0 = Release|Any CPU
	EndGlobalSection
	GlobalSection(SolutionProperties) = preSolution
		HideSolutionNode = FALSE
	EndGlobalSection
	GlobalSection(ExtensibilityGlobals) = postSolution
		SolutionGuid = {C671A3CC-925E-4DC1-829E-8E7B341383EA}
	EndGlobalSection
EndGlobal
